
Microsoft Visual Studio Solution File, Format Version 12.00
# Visual Studio Version 17
VisualStudioVersion = 17.3.32929.385
MinimumVisualStudioVersion = 10.0.40219.1
Project("{FAE04EC0-301F-11D3-BF4B-00C04F79EFBC}") = "eCommerce", "eCommerce\eCommerce.csproj", "{FEBAB97E-25ED-4E02-9868-FEFE21A57358}"
EndProject
Global
	GlobalSection(SolutionConfigurationPlatforms) = preSolution
		Debug|Any CPU = Debug|Any CPU
		Release|Any CPU = Release|Any CPU
	EndGlobalSection
	GlobalSection(ProjectConfigurationPlatforms) = postSolution
		{FEBAB97E-25ED-4E02-9868-FEFE21A57358}.Debug|Any CPU.ActiveCfg = Debug|Any CPU
		{FEBAB97E-25ED-4E02-9868-FEFE21A57358}.Debug|Any CPU.Build.0 = Debug|Any CPU
		{FEBAB97E-25ED-4E02-9868-FEFE21A57358}.Release|Any CPU.ActiveCfg = Release|Any CPU
		{FEBAB97E-25ED-4E02-9868-FEFE21A57358}.Release|Any CPU.Build.0 = Release|Any CPU
	EndGlobalSection
	GlobalSection(SolutionProperties) = preSolution
		HideSolutionNode = FALSE
	EndGlobalSection
	GlobalSection(ExtensibilityGlobals) = postSolution
		SolutionGuid = {A5F9FB24-2CA1-4A99-AEA4-EC90C8A4A85F}
	EndGlobalSection
EndGlobal
